
Microsoft Visual Studio Solution File, Format Version 11.00
# Visual Studio 2010
Project("{FAE04EC0-301F-11D3-BF4B-00C04F79EFBC}") = "KunCard", "Assembly-CSharp.csproj", "{B24EA946-C090-16FC-1955-79249F53D3FF}"
EndProject
Global
	GlobalSection(SolutionConfigurationPlatforms) = preSolution
		Debug|Any CPU = Debug|Any CPU
		Release|Any CPU = Release|Any CPU
	EndGlobalSection
	GlobalSection(ProjectConfigurationPlatforms) = postSolution
		{B24EA946-C090-16FC-1955-79249F53D3FF}.Debug|Any CPU.ActiveCfg = Debug|Any CPU
		{B24EA946-C090-16FC-1955-79249F53D3FF}.Debug|Any CPU.Build.0 = Debug|Any CPU
		{B24EA946-C090-16FC-1955-79249F53D3FF}.Release|Any CPU.ActiveCfg = Release|Any CPU
		{B24EA946-C090-16FC-1955-79249F53D3FF}.Release|Any CPU.Build.0 = Release|Any CPU
	EndGlobalSection
	GlobalSection(SolutionProperties) = preSolution
		HideSolutionNode = FALSE
	EndGlobalSection
	GlobalSection(MonoDevelopProperties) = preSolution
		StartupItem = Assembly-CSharp.csproj
	EndGlobalSection
EndGlobal
